{
  "name": "parcel-transformer-pegjs",
  "version": "1.0.0",
  "lockfileVersion": 1,
  "requires": true,
  "dependencies": {
    "@parcel/plugin": {
      "version": "2.0.0-nightly.258",
      "resolved": "https://registry.npmjs.org/@parcel/plugin/-/plugin-2.0.0-nightly.258.tgz",
      "integrity": "sha512-AtfWdNGw2iEOxDh83iUfgvZpv3WP66SKS8+4MOCaObqFeRl5MJRXwfznsV481KMnQpFV+1IDfJKRtiM3tlzIxg==",
      "requires": {
        "@parcel/types": "2.0.0-nightly.258+e8d7d944"
      }
    },
    "@parcel/types": {
      "version": "2.0.0-nightly.258",
      "resolved": "https://registry.npmjs.org/@parcel/types/-/types-2.0.0-nightly.258.tgz",
      "integrity": "sha512-Tk+NyNstgs1tuoL8x8ycCUSNbwTen7uN02wXWDti197T2vByhMG3YWqHlqeN4u+sYgEYyIsP8QlIVUdrkDPMOw=="
    },
    "pegjs": {
      "version": "0.10.0",
      "resolved": "https://registry.npmjs.org/pegjs/-/pegjs-0.10.0.tgz",
      "integrity": "sha1-z4uvrm7d/0tafvsYUmnqr0YQ3b0="
    }
  }
}
